
Microsoft Visual Studio Solution File, Format Version 12.00
# Visual Studio Version 16
VisualStudioVersion = 16.0.31129.286
MinimumVisualStudioVersion = 10.0.40219.1
Project("{FAE04EC0-301F-11D3-BF4B-00C04F79EFBC}") = "WorkingWithBits", "WorkingWithBits\WorkingWithBits.csproj", "{AC084891-8320-4A15-8754-D73CD64AA87D}"
EndProject
Global
	GlobalSection(SolutionConfigurationPlatforms) = preSolution
		Debug|Any CPU = Debug|Any CPU
		Release|Any CPU = Release|Any CPU
	EndGlobalSection
	GlobalSection(ProjectConfigurationPlatforms) = postSolution
		{AC084891-8320-4A15-8754-D73CD64AA87D}.Debug|Any CPU.ActiveCfg = Debug|Any CPU
		{AC084891-8320-4A15-8754-D73CD64AA87D}.Debug|Any CPU.Build.0 = Debug|Any CPU
		{AC084891-8320-4A15-8754-D73CD64AA87D}.Release|Any CPU.ActiveCfg = Release|Any CPU
		{AC084891-8320-4A15-8754-D73CD64AA87D}.Release|Any CPU.Build.0 = Release|Any CPU
	EndGlobalSection
	GlobalSection(SolutionProperties) = preSolution
		HideSolutionNode = FALSE
	EndGlobalSection
	GlobalSection(ExtensibilityGlobals) = postSolution
		SolutionGuid = {BB0D08C0-3F79-43B2-875A-F941518BBAAF}
	EndGlobalSection
EndGlobal
